// !$*UTF8*$!
{
	archiveVersion = 1;
	classes = {
	};
	objectVersion = 56;
	objects = {

/* Begin PBXBuildFile section */
		BD0090C12C485A4600B14BD6 /* reminder.swift in Sources */ = {isa = PBXBuildFile; fileRef = BD0090C02C485A4600B14BD6 /* reminder.swift */; };
		BD0090C32C485D4200B14BD6 /* calendarPage.swift in Sources */ = {isa = PBXBuildFile; fileRef = BD0090C22C485D4200B14BD6 /* calendarPage.swift */; };
		BD2AA0152C4AD63B00AA3B23 /* homepage.swift in Sources */ = {isa = PBXBuildFile; fileRef = BD2AA0142C4AD63B00AA3B23 /* homepage.swift */; };
		BD39F1B22C49B02200A387C2 /* ToDoItem.swift in Sources */ = {isa = PBXBuildFile; fileRef = BD39F1B12C49B02200A387C2 /* ToDoItem.swift */; };
		BD39F1B42C49B05400A387C2 /* toDoList.swift in Sources */ = {isa = PBXBuildFile; fileRef = BD39F1B32C49B05400A387C2 /* toDoList.swift */; };
		BD39F1B62C49B1A600A387C2 /* NewToDoView.swift in Sources */ = {isa = PBXBuildFile; fileRef = BD39F1B52C49B1A600A387C2 /* NewToDoView.swift */; };
		BD39F1B82C49CD2000A387C2 /* Persistence.swift in Sources */ = {isa = PBXBuildFile; fileRef = BD39F1B72C49CD2000A387C2 /* Persistence.swift */; };
		BD39F1BB2C49F98A00A387C2 /* finalProject.xcdatamodeld in Sources */ = {isa = PBXBuildFile; fileRef = BD39F1B92C49F98A00A387C2 /* finalProject.xcdatamodeld */; };
		BDDF6FE92C47099000B6AF7A /* finalProjectApp.swift in Sources */ = {isa = PBXBuildFile; fileRef = BDDF6FE82C47099000B6AF7A /* finalProjectApp.swift */; };
		BDDF6FEB2C47099000B6AF7A /* ContentView.swift in Sources */ = {isa = PBXBuildFile; fileRef = BDDF6FEA2C47099000B6AF7A /* ContentView.swift */; };
		BDDF6FED2C47099E00B6AF7A /* Assets.xcassets in Resources */ = {isa = PBXBuildFile; fileRef = BDDF6FEC2C47099E00B6AF7A /* Assets.xcassets */; };
		BDDF6FF02C47099E00B6AF7A /* Preview Assets.xcassets in Resources */ = {isa = PBXBuildFile; fileRef = BDDF6FEF2C47099E00B6AF7A /* Preview Assets.xcassets */; };
		BDDF6FFA2C47099E00B6AF7A /* finalProjectTests.swift in Sources */ = {isa = PBXBuildFile; fileRef = BDDF6FF92C47099E00B6AF7A /* finalProjectTests.swift */; };
		BDDF70042C47099E00B6AF7A /* finalProjectUITests.swift in Sources */ = {isa = PBXBuildFile; fileRef = BDDF70032C47099E00B6AF7A /* finalProjectUITests.swift */; };
		BDDF70062C47099E00B6AF7A /* finalProjectUITestsLaunchTests.swift in Sources */ = {isa = PBXBuildFile; fileRef = BDDF70052C47099E00B6AF7A /* finalProjectUITestsLaunchTests.swift */; };
/* End PBXBuildFile section */

/* Begin PBXContainerItemProxy section */
		BDDF6FF62C47099E00B6AF7A /* PBXContainerItemProxy */ = {
			isa = PBXContainerItemProxy;
			containerPortal = BDDF6FDD2C47099000B6AF7A /* Project object */;
			proxyType = 1;
			remoteGlobalIDString = BDDF6FE42C47099000B6AF7A;
			remoteInfo = finalProject;
		};
		BDDF70002C47099E00B6AF7A /* PBXContainerItemProxy */ = {
			isa = PBXContainerItemProxy;
			containerPortal = BDDF6FDD2C47099000B6AF7A /* Project object */;
			proxyType = 1;
			remoteGlobalIDString = BDDF6FE42C47099000B6AF7A;
			remoteInfo = finalProject;
		};
/* End PBXContainerItemProxy section */

/* Begin PBXFileReference section */
		BD0090C02C485A4600B14BD6 /* reminder.swift */ = {isa = PBXFileReference; lastKnownFileType = sourcecode.swift; path = reminder.swift; sourceTree = "<group>"; };
		BD0090C22C485D4200B14BD6 /* calendarPage.swift */ = {isa = PBXFileReference; lastKnownFileType = sourcecode.swift; path = calendarPage.swift; sourceTree = "<group>"; };
		BD2AA0142C4AD63B00AA3B23 /* homepage.swift */ = {isa = PBXFileReference; lastKnownFileType = sourcecode.swift; path = homepage.swift; sourceTree = "<group>"; };
		BD39F1B12C49B02200A387C2 /* ToDoItem.swift */ = {isa = PBXFileReference; lastKnownFileType = sourcecode.swift; path = ToDoItem.swift; sourceTree = "<group>"; };
		BD39F1B32C49B05400A387C2 /* toDoList.swift */ = {isa = PBXFileReference; lastKnownFileType = sourcecode.swift; path = toDoList.swift; sourceTree = "<group>"; };
		BD39F1B52C49B1A600A387C2 /* NewToDoView.swift */ = {isa = PBXFileReference; lastKnownFileType = sourcecode.swift; path = NewToDoView.swift; sourceTree = "<group>"; };
		BD39F1B72C49CD2000A387C2 /* Persistence.swift */ = {isa = PBXFileReference; lastKnownFileType = sourcecode.swift; path = Persistence.swift; sourceTree = "<group>"; };
		BD39F1BA2C49F98A00A387C2 /* finalProject.xcdatamodel */ = {isa = PBXFileReference; lastKnownFileType = wrapper.xcdatamodel; path = finalProject.xcdatamodel; sourceTree = "<group>"; };
		BDDF6FE52C47099000B6AF7A /* finalProject.app */ = {isa = PBXFileReference; explicitFileType = wrapper.application; includeInIndex = 0; path = finalProject.app; sourceTree = BUILT_PRODUCTS_DIR; };
		BDDF6FE82C47099000B6AF7A /* finalProjectApp.swift */ = {isa = PBXFileReference; lastKnownFileType = sourcecode.swift; path = finalProjectApp.swift; sourceTree = "<group>"; };
		BDDF6FEA2C47099000B6AF7A /* ContentView.swift */ = {isa = PBXFileReference; lastKnownFileType = sourcecode.swift; path = ContentView.swift; sourceTree = "<group>"; };
		BDDF6FEC2C47099E00B6AF7A /* Assets.xcassets */ = {isa = PBXFileReference; lastKnownFileType = folder.assetcatalog; path = Assets.xcassets; sourceTree = "<group>"; };
		BDDF6FEF2C47099E00B6AF7A /* Preview Assets.xcassets */ = {isa = PBXFileReference; lastKnownFileType = folder.assetcatalog; path = "Preview Assets.xcassets"; sourceTree = "<group>"; };
		BDDF6FF52C47099E00B6AF7A /* finalProjectTests.xctest */ = {isa = PBXFileReference; explicitFileType = wrapper.cfbundle; includeInIndex = 0; path = finalProjectTests.xctest; sourceTree = BUILT_PRODUCTS_DIR; };
		BDDF6FF92C47099E00B6AF7A /* finalProjectTests.swift */ = {isa = PBXFileReference; lastKnownFileType = sourcecode.swift; path = finalProjectTests.swift; sourceTree = "<group>"; };
		BDDF6FFF2C47099E00B6AF7A /* finalProjectUITests.xctest */ = {isa = PBXFileReference; explicitFileType = wrapper.cfbundle; includeInIndex = 0; path = finalProjectUITests.xctest; sourceTree = BUILT_PRODUCTS_DIR; };
		BDDF70032C47099E00B6AF7A /* finalProjectUITests.swift */ = {isa = PBXFileReference; lastKnownFileType = sourcecode.swift; path = finalProjectUITests.swift; sourceTree = "<group>"; };
		BDDF70052C47099E00B6AF7A /* finalProjectUITestsLaunchTests.swift */ = {isa = PBXFileReference; lastKnownFileType = sourcecode.swift; path = finalProjectUITestsLaunchTests.swift; sourceTree = "<group>"; };
/* End PBXFileReference section */

/* Begin PBXFrameworksBuildPhase section */
		BDDF6FE22C47099000B6AF7A /* Frameworks */ = {
			isa = PBXFrameworksBuildPhase;
			buildActionMask = 2147483647;
			files = (
			);
			runOnlyForDeploymentPostprocessing = 0;
		};
		BDDF6FF22C47099E00B6AF7A /* Frameworks */ = {
			isa = PBXFrameworksBuildPhase;
			buildActionMask = 2147483647;
			files = (
			);
			runOnlyForDeploymentPostprocessing = 0;
		};
		BDDF6FFC2C47099E00B6AF7A /* Frameworks */ = {
			isa = PBXFrameworksBuildPhase;
			buildActionMask = 2147483647;
			files = (
			);
			runOnlyForDeploymentPostprocessing = 0;
		};
/* End PBXFrameworksBuildPhase section */

/* Begin PBXGroup section */
		BDDF6FDC2C47099000B6AF7A = {
			isa = PBXGroup;
			children = (
				BDDF6FE72C47099000B6AF7A /* finalProject */,
				BDDF6FF82C47099E00B6AF7A /* finalProjectTests */,
				BDDF70022C47099E00B6AF7A /* finalProjectUITests */,
				BDDF6FE62C47099000B6AF7A /* Products */,
			);
			sourceTree = "<group>";
		};
		BDDF6FE62C47099000B6AF7A /* Products */ = {
			isa = PBXGroup;
			children = (
				BDDF6FE52C47099000B6AF7A /* finalProject.app */,
				BDDF6FF52C47099E00B6AF7A /* finalProjectTests.xctest */,
				BDDF6FFF2C47099E00B6AF7A /* finalProjectUITests.xctest */,
			);
			name = Products;
			sourceTree = "<group>";
		};
		BDDF6FE72C47099000B6AF7A /* finalProject */ = {
			isa = PBXGroup;
			children = (
				BDDF6FE82C47099000B6AF7A /* finalProjectApp.swift */,
				BDDF6FEA2C47099000B6AF7A /* ContentView.swift */,
				BD2AA0142C4AD63B00AA3B23 /* homepage.swift */,
				BD39F1B12C49B02200A387C2 /* ToDoItem.swift */,
				BD39F1B32C49B05400A387C2 /* toDoList.swift */,
				BD39F1B72C49CD2000A387C2 /* Persistence.swift */,
				BD39F1B52C49B1A600A387C2 /* NewToDoView.swift */,
				BD39F1B92C49F98A00A387C2 /* finalProject.xcdatamodeld */,
				BD0090C22C485D4200B14BD6 /* calendarPage.swift */,
				BD0090C02C485A4600B14BD6 /* reminder.swift */,
				BDDF6FEC2C47099E00B6AF7A /* Assets.xcassets */,
				BDDF6FEE2C47099E00B6AF7A /* Preview Content */,
			);
			path = finalProject;
			sourceTree = "<group>";
		};
		BDDF6FEE2C47099E00B6AF7A /* Preview Content */ = {
			isa = PBXGroup;
			children = (
				BDDF6FEF2C47099E00B6AF7A /* Preview Assets.xcassets */,
			);
			path = "Preview Content";
			sourceTree = "<group>";
		};
		BDDF6FF82C47099E00B6AF7A /* finalProjectTests */ = {
			isa = PBXGroup;
			children = (
				BDDF6FF92C47099E00B6AF7A /* finalProjectTests.swift */,
			);
			path = finalProjectTests;
			sourceTree = "<group>";
		};
		BDDF70022C47099E00B6AF7A /* finalProjectUITests */ = {
			isa = PBXGroup;
			children = (
				BDDF70032C47099E00B6AF7A /* finalProjectUITests.swift */,
				BDDF70052C47099E00B6AF7A /* finalProjectUITestsLaunchTests.swift */,
			);
			path = finalProjectUITests;
			sourceTree = "<group>";
		};
/* End PBXGroup section */

/* Begin PBXNativeTarget section */
		BDDF6FE42C47099000B6AF7A /* finalProject */ = {
			isa = PBXNativeTarget;
			buildConfigurationList = BDDF70092C47099E00B6AF7A /* Build configuration list for PBXNativeTarget "finalProject" */;
			buildPhases = (
				BDDF6FE12C47099000B6AF7A /* Sources */,
				BDDF6FE22C47099000B6AF7A /* Frameworks */,
				BDDF6FE32C47099000B6AF7A /* Resources */,
			);
			buildRules = (
			);
			dependencies = (
			);
			name = finalProject;
			productName = finalProject;
			productReference = BDDF6FE52C47099000B6AF7A /* finalProject.app */;
			productType = "com.apple.product-type.application";
		};
		BDDF6FF42C47099E00B6AF7A /* finalProjectTests */ = {
			isa = PBXNativeTarget;
			buildConfigurationList = BDDF700C2C47099E00B6AF7A /* Build configuration list for PBXNativeTarget "finalProjectTests" */;
			buildPhases = (
				BDDF6FF12C47099E00B6AF7A /* Sources */,
				BDDF6FF22C47099E00B6AF7A /* Frameworks */,
				BDDF6FF32C47099E00B6AF7A /* Resources */,
			);
			buildRules = (
			);
			dependencies = (
				BDDF6FF72C47099E00B6AF7A /* PBXTargetDependency */,
			);
			name = finalProjectTests;
			productName = finalProjectTests;
			productReference = BDDF6FF52C47099E00B6AF7A /* finalProjectTests.xctest */;
			productType = "com.apple.product-type.bundle.unit-test";
		};
		BDDF6FFE2C47099E00B6AF7A /* finalProjectUITests */ = {
			isa = PBXNativeTarget;
			buildConfigurationList = BDDF700F2C47099E00B6AF7A /* Build configuration list for PBXNativeTarget "finalProjectUITests" */;
			buildPhases = (
				BDDF6FFB2C47099E00B6AF7A /* Sources */,
				BDDF6FFC2C47099E00B6AF7A /* Frameworks */,
				BDDF6FFD2C47099E00B6AF7A /* Resources */,
			);
			buildRules = (
			);
			dependencies = (
				BDDF70012C47099E00B6AF7A /* PBXTargetDependency */,
			);
			name = finalProjectUITests;
			productName = finalProjectUITests;
			productReference = BDDF6FFF2C47099E00B6AF7A /* finalProjectUITests.xctest */;
			productType = "com.apple.product-type.bundle.ui-testing";
		};
/* End PBXNativeTarget section */

/* Begin PBXProject section */
		BDDF6FDD2C47099000B6AF7A /* Project object */ = {
			isa = PBXProject;
			attributes = {
				BuildIndependentTargetsInParallel = 1;
				LastSwiftUpdateCheck = 1540;
				LastUpgradeCheck = 1540;
				TargetAttributes = {
					BDDF6FE42C47099000B6AF7A = {
						CreatedOnToolsVersion = 15.4;
					};
					BDDF6FF42C47099E00B6AF7A = {
						CreatedOnToolsVersion = 15.4;
						TestTargetID = BDDF6FE42C47099000B6AF7A;
					};
					BDDF6FFE2C47099E00B6AF7A = {
						CreatedOnToolsVersion = 15.4;
						TestTargetID = BDDF6FE42C47099000B6AF7A;
					};
				};
			};
			buildConfigurationList = BDDF6FE02C47099000B6AF7A /* Build configuration list for PBXProject "finalProject" */;
			compatibilityVersion = "Xcode 14.0";
			developmentRegion = en;
			hasScannedForEncodings = 0;
			knownRegions = (
				en,
				Base,
			);
			mainGroup = BDDF6FDC2C47099000B6AF7A;
			productRefGroup = BDDF6FE62C47099000B6AF7A /* Products */;
			projectDirPath = "";
			projectRoot = "";
			targets = (
				BDDF6FE42C47099000B6AF7A /* finalProject */,
				BDDF6FF42C47099E00B6AF7A /* finalProjectTests */,
				BDDF6FFE2C47099E00B6AF7A /* finalProjectUITests */,
			);
		};
/* End PBXProject section */

/* Begin PBXResourcesBuildPhase section */
		BDDF6FE32C47099000B6AF7A /* Resources */ = {
			isa = PBXResourcesBuildPhase;
			buildActionMask = 2147483647;
			files = (
				BDDF6FF02C47099E00B6AF7A /* Preview Assets.xcassets in Resources */,
				BDDF6FED2C47099E00B6AF7A /* Assets.xcassets in Resources */,
			);
			runOnlyForDeploymentPostprocessing = 0;
		};
		BDDF6FF32C47099E00B6AF7A /* Resources */ = {
			isa = PBXResourcesBuildPhase;
			buildActionMask = 2147483647;
			files = (
			);
			runOnlyForDeploymentPostprocessing = 0;
		};
		BDDF6FFD2C47099E00B6AF7A /* Resources */ = {
			isa = PBXResourcesBuildPhase;
			buildActionMask = 2147483647;
			files = (
			);
			runOnlyForDeploymentPostprocessing = 0;
		};
/* End PBXResourcesBuildPhase section */

/* Begin PBXSourcesBuildPhase section */
		BDDF6FE12C47099000B6AF7A /* Sources */ = {
			isa = PBXSourcesBuildPhase;
			buildActionMask = 2147483647;
			files = (
				BD39F1B82C49CD2000A387C2 /* Persistence.swift in Sources */,
				BD0090C32C485D4200B14BD6 /* calendarPage.swift in Sources */,
				BD39F1BB2C49F98A00A387C2 /* finalProject.xcdatamodeld in Sources */,
				BD2AA0152C4AD63B00AA3B23 /* homepage.swift in Sources */,
				BD39F1B42C49B05400A387C2 /* toDoList.swift in Sources */,
				BD39F1B22C49B02200A387C2 /* ToDoItem.swift in Sources */,
				BDDF6FEB2C47099000B6AF7A /* ContentView.swift in Sources */,
				BDDF6FE92C47099000B6AF7A /* finalProjectApp.swift in Sources */,
				BD0090C12C485A4600B14BD6 /* reminder.swift in Sources */,
				BD39F1B62C49B1A600A387C2 /* NewToDoView.swift in Sources */,
			);
			runOnlyForDeploymentPostprocessing = 0;
		};
		BDDF6FF12C47099E00B6AF7A /* Sources */ = {
			isa = PBXSourcesBuildPhase;
			buildActionMask = 2147483647;
			files = (
				BDDF6FFA2C47099E00B6AF7A /* finalProjectTests.swift in Sources */,
			);
			runOnlyForDeploymentPostprocessing = 0;
		};
		BDDF6FFB2C47099E00B6AF7A /* Sources */ = {
			isa = PBXSourcesBuildPhase;
			buildActionMask = 2147483647;
			files = (
				BDDF70042C47099E00B6AF7A /* finalProjectUITests.swift in Sources */,
				BDDF70062C47099E00B6AF7A /* finalProjectUITestsLaunchTests.swift in Sources */,
			);
			runOnlyForDeploymentPostprocessing = 0;
		};
/* End PBXSourcesBuildPhase section */

/* Begin PBXTargetDependency section */
		BDDF6FF72C47099E00B6AF7A /* PBXTargetDependency */ = {
			isa = PBXTargetDependency;
			target = BDDF6FE42C47099000B6AF7A /* finalProject */;
			targetProxy = BDDF6FF62C47099E00B6AF7A /* PBXContainerItemProxy */;
		};
		BDDF70012C47099E00B6AF7A /* PBXTargetDependency */ = {
			isa = PBXTargetDependency;
			target = BDDF6FE42C47099000B6AF7A /* finalProject */;
			targetProxy = BDDF70002C47099E00B6AF7A /* PBXContainerItemProxy */;
		};
/* End PBXTargetDependency section */

/* Begin XCBuildConfiguration section */
		BDDF70072C47099E00B6AF7A /* Debug */ = {
			isa = XCBuildConfiguration;
			buildSettings = {
				ALWAYS_SEARCH_USER_PATHS = NO;
				ASSETCATALOG_COMPILER_GENERATE_SWIFT_ASSET_SYMBOL_EXTENSIONS = YES;
				CLANG_ANALYZER_NONNULL = YES;
				CLANG_ANALYZER_NUMBER_OBJECT_CONVERSION = YES_AGGRESSIVE;
				CLANG_CXX_LANGUAGE_STANDARD = "gnu++20";
				CLANG_ENABLE_MODULES = YES;
				CLANG_ENABLE_OBJC_ARC = YES;
				CLANG_ENABLE_OBJC_WEAK = YES;
				CLANG_WARN_BLOCK_CAPTURE_AUTORELEASING = YES;
				CLANG_WARN_BOOL_CONVERSION = YES;
				CLANG_WARN_COMMA = YES;
				CLANG_WARN_CONSTANT_CONVERSION = YES;
				CLANG_WARN_DEPRECATED_OBJC_IMPLEMENTATIONS = YES;
				CLANG_WARN_DIRECT_OBJC_ISA_USAGE = YES_ERROR;
				CLANG_WARN_DOCUMENTATION_COMMENTS = YES;
				CLANG_WARN_EMPTY_BODY = YES;
				CLANG_WARN_ENUM_CONVERSION = YES;
				CLANG_WARN_INFINITE_RECURSION = YES;
				CLANG_WARN_INT_CONVERSION = YES;
				CLANG_WARN_NON_LITERAL_NULL_CONVERSION = YES;
				CLANG_WARN_OBJC_IMPLICIT_RETAIN_SELF = YES;
				CLANG_WARN_OBJC_LITERAL_CONVERSION = YES;
				CLANG_WARN_OBJC_ROOT_CLASS = YES_ERROR;
				CLANG_WARN_QUOTED_INCLUDE_IN_FRAMEWORK_HEADER = YES;
				CLANG_WARN_RANGE_LOOP_ANALYSIS = YES;
				CLANG_WARN_STRICT_PROTOTYPES = YES;
				CLANG_WARN_SUSPICIOUS_MOVE = YES;
				CLANG_WARN_UNGUARDED_AVAILABILITY = YES_AGGRESSIVE;
				CLANG_WARN_UNREACHABLE_CODE = YES;
				CLANG_WARN__DUPLICATE_METHOD_MATCH = YES;
				COPY_PHASE_STRIP = NO;
				DEBUG_INFORMATION_FORMAT = dwarf;
				ENABLE_STRICT_OBJC_MSGSEND = YES;
				ENABLE_TESTABILITY = YES;
				ENABLE_USER_SCRIPT_SANDBOXING = YES;
				GCC_C_LANGUAGE_STANDARD = gnu17;
				GCC_DYNAMIC_NO_PIC = NO;
				GCC_NO_COMMON_BLOCKS = YES;
				GCC_OPTIMIZATION_LEVEL = 0;
				GCC_PREPROCESSOR_DEFINITIONS = (
					"DEBUG=1",
					"$(inherited)",
				);
				GCC_WARN_64_TO_32_BIT_CONVERSION = YES;
				GCC_WARN_ABOUT_RETURN_TYPE = YES_ERROR;
				GCC_WARN_UNDECLARED_SELECTOR = YES;
				GCC_WARN_UNINITIALIZED_AUTOS = YES_AGGRESSIVE;
				GCC_WARN_UNUSED_FUNCTION = YES;
				GCC_WARN_UNUSED_VARIABLE = YES;
				IPHONEOS_DEPLOYMENT_TARGET = 17.5;
				LOCALIZATION_PREFERS_STRING_CATALOGS = YES;
				MTL_ENABLE_DEBUG_INFO = INCLUDE_SOURCE;
				MTL_FAST_MATH = YES;
				ONLY_ACTIVE_ARCH = YES;
				SDKROOT = iphoneos;
				SWIFT_ACTIVE_COMPILATION_CONDITIONS = "DEBUG $(inherited)";
				SWIFT_OPTIMIZATION_LEVEL = "-Onone";
			};
			name = Debug;
		};
		BDDF70082C47099E00B6AF7A /* Release */ = {
			isa = XCBuildConfiguration;
			buildSettings = {
				ALWAYS_SEARCH_USER_PATHS = NO;
				ASSETCATALOG_COMPILER_GENERATE_SWIFT_ASSET_SYMBOL_EXTENSIONS = YES;
				CLANG_ANALYZER_NONNULL = YES;
				CLANG_ANALYZER_NUMBER_OBJECT_CONVERSION = YES_AGGRESSIVE;
				CLANG_CXX_LANGUAGE_STANDARD = "gnu++20";
				CLANG_ENABLE_MODULES = YES;
				CLANG_ENABLE_OBJC_ARC = YES;
				CLANG_ENABLE_OBJC_WEAK = YES;
				CLANG_WARN_BLOCK_CAPTURE_AUTORELEASING = YES;
				CLANG_WARN_BOOL_CONVERSION = YES;
				CLANG_WARN_COMMA = YES;
				CLANG_WARN_CONSTANT_CONVERSION = YES;
				CLANG_WARN_DEPRECATED_OBJC_IMPLEMENTATIONS = YES;
				CLANG_WARN_DIRECT_OBJC_ISA_USAGE = YES_ERROR;
				CLANG_WARN_DOCUMENTATION_COMMENTS = YES;
				CLANG_WARN_EMPTY_BODY = YES;
				CLANG_WARN_ENUM_CONVERSION = YES;
				CLANG_WARN_INFINITE_RECURSION = YES;
				CLANG_WARN_INT_CONVERSION = YES;
				CLANG_WARN_NON_LITERAL_NULL_CONVERSION = YES;
				CLANG_WARN_OBJC_IMPLICIT_RETAIN_SELF = YES;
				CLANG_WARN_OBJC_LITERAL_CONVERSION = YES;
				CLANG_WARN_OBJC_ROOT_CLASS = YES_ERROR;
				CLANG_WARN_QUOTED_INCLUDE_IN_FRAMEWORK_HEADER = YES;
				CLANG_WARN_RANGE_LOOP_ANALYSIS = YES;
				CLANG_WARN_STRICT_PROTOTYPES = YES;
				CLANG_WARN_SUSPICIOUS_MOVE = YES;
				CLANG_WARN_UNGUARDED_AVAILABILITY = YES_AGGRESSIVE;
				CLANG_WARN_UNREACHABLE_CODE = YES;
				CLANG_WARN__DUPLICATE_METHOD_MATCH = YES;
				COPY_PHASE_STRIP = NO;
				DEBUG_INFORMATION_FORMAT = "dwarf-with-dsym";
				ENABLE_NS_ASSERTIONS = NO;
				ENABLE_STRICT_OBJC_MSGSEND = YES;
				ENABLE_USER_SCRIPT_SANDBOXING = YES;
				GCC_C_LANGUAGE_STANDARD = gnu17;
				GCC_NO_COMMON_BLOCKS = YES;
				GCC_WARN_64_TO_32_BIT_CONVERSION = YES;
				GCC_WARN_ABOUT_RETURN_TYPE = YES_ERROR;
				GCC_WARN_UNDECLARED_SELECTOR = YES;
				GCC_WARN_UNINITIALIZED_AUTOS = YES_AGGRESSIVE;
				GCC_WARN_UNUSED_FUNCTION = YES;
				GCC_WARN_UNUSED_VARIABLE = YES;
				IPHONEOS_DEPLOYMENT_TARGET = 17.5;
				LOCALIZATION_PREFERS_STRING_CATALOGS = YES;
				MTL_ENABLE_DEBUG_INFO = NO;
				MTL_FAST_MATH = YES;
				SDKROOT = iphoneos;
				SWIFT_COMPILATION_MODE = wholemodule;
				VALIDATE_PRODUCT = YES;
			};
			name = Release;
		};
		BDDF700A2C47099E00B6AF7A /* Debug */ = {
			isa = XCBuildConfiguration;
			buildSettings = {
				ASSETCATALOG_COMPILER_APPICON_NAME = AppIcon;
				ASSETCATALOG_COMPILER_GLOBAL_ACCENT_COLOR_NAME = AccentColor;
				CODE_SIGN_STYLE = Automatic;
				CURRENT_PROJECT_VERSION = 1;
				DEVELOPMENT_ASSET_PATHS = "\"finalProject/Preview Content\"";
				ENABLE_PREVIEWS = YES;
				GENERATE_INFOPLIST_FILE = YES;
				INFOPLIST_KEY_UIApplicationSceneManifest_Generation = YES;
				INFOPLIST_KEY_UIApplicationSupportsIndirectInputEvents = YES;
				INFOPLIST_KEY_UILaunchScreen_Generation = YES;
				INFOPLIST_KEY_UISupportedInterfaceOrientations_iPad = "UIInterfaceOrientationPortrait UIInterfaceOrientationPortraitUpsideDown UIInterfaceOrientationLandscapeLeft UIInterfaceOrientationLandscapeRight";
				INFOPLIST_KEY_UISupportedInterfaceOrientations_iPhone = "UIInterfaceOrientationPortrait UIInterfaceOrientationLandscapeLeft UIInterfaceOrientationLandscapeRight";
				LD_RUNPATH_SEARCH_PATHS = (
					"$(inherited)",
					"@executable_path/Frameworks",
				);
				MARKETING_VERSION = 1.0;
				PRODUCT_BUNDLE_IDENTIFIER = "Kode-With-Klossy.finalProject";
				PRODUCT_NAME = "$(TARGET_NAME)";
				SWIFT_EMIT_LOC_STRINGS = YES;
				SWIFT_VERSION = 5.0;
				TARGETED_DEVICE_FAMILY = "1,2";
			};
			name = Debug;
		};
		BDDF700B2C47099E00B6AF7A /* Release */ = {
			isa = XCBuildConfiguration;
			buildSettings = {
				ASSETCATALOG_COMPILER_APPICON_NAME = AppIcon;
				ASSETCATALOG_COMPILER_GLOBAL_ACCENT_COLOR_NAME = AccentColor;
				CODE_SIGN_STYLE = Automatic;
				CURRENT_PROJECT_VERSION = 1;
				DEVELOPMENT_ASSET_PATHS = "\"finalProject/Preview Content\"";
				ENABLE_PREVIEWS = YES;
				GENERATE_INFOPLIST_FILE = YES;
				INFOPLIST_KEY_UIApplicationSceneManifest_Generation = YES;
				INFOPLIST_KEY_UIApplicationSupportsIndirectInputEvents = YES;
				INFOPLIST_KEY_UILaunchScreen_Generation = YES;
				INFOPLIST_KEY_UISupportedInterfaceOrientations_iPad = "UIInterfaceOrientationPortrait UIInterfaceOrientationPortraitUpsideDown UIInterfaceOrientationLandscapeLeft UIInterfaceOrientationLandscapeRight";
				INFOPLIST_KEY_UISupportedInterfaceOrientations_iPhone = "UIInterfaceOrientationPortrait UIInterfaceOrientationLandscapeLeft UIInterfaceOrientationLandscapeRight";
				LD_RUNPATH_SEARCH_PATHS = (
					"$(inherited)",
					"@executable_path/Frameworks",
				);
				MARKETING_VERSION = 1.0;
				PRODUCT_BUNDLE_IDENTIFIER = "Kode-With-Klossy.finalProject";
				PRODUCT_NAME = "$(TARGET_NAME)";
				SWIFT_EMIT_LOC_STRINGS = YES;
				SWIFT_VERSION = 5.0;
				TARGETED_DEVICE_FAMILY = "1,2";
			};
			name = Release;
		};
		BDDF700D2C47099E00B6AF7A /* Debug */ = {
			isa = XCBuildConfiguration;
			buildSettings = {
				ALWAYS_EMBED_SWIFT_STANDARD_LIBRARIES = YES;
				BUNDLE_LOADER = "$(TEST_HOST)";
				CODE_SIGN_STYLE = Automatic;
				CURRENT_PROJECT_VERSION = 1;
				GENERATE_INFOPLIST_FILE = YES;
				IPHONEOS_DEPLOYMENT_TARGET = 17.5;
				MARKETING_VERSION = 1.0;
				PRODUCT_BUNDLE_IDENTIFIER = "Kode-With-Klossy.finalProjectTests";
				PRODUCT_NAME = "$(TARGET_NAME)";
				SWIFT_EMIT_LOC_STRINGS = NO;
				SWIFT_VERSION = 5.0;
				TARGETED_DEVICE_FAMILY = "1,2";
				TEST_HOST = "$(BUILT_PRODUCTS_DIR)/finalProject.app/$(BUNDLE_EXECUTABLE_FOLDER_PATH)/finalProject";
			};
			name = Debug;
		};
		BDDF700E2C47099E00B6AF7A /* Release */ = {
			isa = XCBuildConfiguration;
			buildSettings = {
				ALWAYS_EMBED_SWIFT_STANDARD_LIBRARIES = YES;
				BUNDLE_LOADER = "$(TEST_HOST)";
				CODE_SIGN_STYLE = Automatic;
				CURRENT_PROJECT_VERSION = 1;
				GENERATE_INFOPLIST_FILE = YES;
				IPHONEOS_DEPLOYMENT_TARGET = 17.5;
				MARKETING_VERSION = 1.0;
				PRODUCT_BUNDLE_IDENTIFIER = "Kode-With-Klossy.finalProjectTests";
				PRODUCT_NAME = "$(TARGET_NAME)";
				SWIFT_EMIT_LOC_STRINGS = NO;
				SWIFT_VERSION = 5.0;
				TARGETED_DEVICE_FAMILY = "1,2";
				TEST_HOST = "$(BUILT_PRODUCTS_DIR)/finalProject.app/$(BUNDLE_EXECUTABLE_FOLDER_PATH)/finalProject";
			};
			name = Release;
		};
		BDDF70102C47099E00B6AF7A /* Debug */ = {
			isa = XCBuildConfiguration;
			buildSettings = {
				ALWAYS_EMBED_SWIFT_STANDARD_LIBRARIES = YES;
				CODE_SIGN_STYLE = Automatic;
				CURRENT_PROJECT_VERSION = 1;
				GENERATE_INFOPLIST_FILE = YES;
				MARKETING_VERSION = 1.0;
				PRODUCT_BUNDLE_IDENTIFIER = "Kode-With-Klossy.finalProjectUITests";
				PRODUCT_NAME = "$(TARGET_NAME)";
				SWIFT_EMIT_LOC_STRINGS = NO;
				SWIFT_VERSION = 5.0;
				TARGETED_DEVICE_FAMILY = "1,2";
				TEST_TARGET_NAME = finalProject;
			};
			name = Debug;
		};
		BDDF70112C47099E00B6AF7A /* Release */ = {
			isa = XCBuildConfiguration;
			buildSettings = {
				ALWAYS_EMBED_SWIFT_STANDARD_LIBRARIES = YES;
				CODE_SIGN_STYLE = Automatic;
				CURRENT_PROJECT_VERSION = 1;
				GENERATE_INFOPLIST_FILE = YES;
				MARKETING_VERSION = 1.0;
				PRODUCT_BUNDLE_IDENTIFIER = "Kode-With-Klossy.finalProjectUITests";
				PRODUCT_NAME = "$(TARGET_NAME)";
				SWIFT_EMIT_LOC_STRINGS = NO;
				SWIFT_VERSION = 5.0;
				TARGETED_DEVICE_FAMILY = "1,2";
				TEST_TARGET_NAME = finalProject;
			};
			name = Release;
		};
/* End XCBuildConfiguration section */

/* Begin XCConfigurationList section */
		BDDF6FE02C47099000B6AF7A /* Build configuration list for PBXProject "finalProject" */ = {
			isa = XCConfigurationList;
			buildConfigurations = (
				BDDF70072C47099E00B6AF7A /* Debug */,
				BDDF70082C47099E00B6AF7A /* Release */,
			);
			defaultConfigurationIsVisible = 0;
			defaultConfigurationName = Release;
		};
		BDDF70092C47099E00B6AF7A /* Build configuration list for PBXNativeTarget "finalProject" */ = {
			isa = XCConfigurationList;
			buildConfigurations = (
				BDDF700A2C47099E00B6AF7A /* Debug */,
				BDDF700B2C47099E00B6AF7A /* Release */,
			);
			defaultConfigurationIsVisible = 0;
			defaultConfigurationName = Release;
		};
		BDDF700C2C47099E00B6AF7A /* Build configuration list for PBXNativeTarget "finalProjectTests" */ = {
			isa = XCConfigurationList;
			buildConfigurations = (
				BDDF700D2C47099E00B6AF7A /* Debug */,
				BDDF700E2C47099E00B6AF7A /* Release */,
			);
			defaultConfigurationIsVisible = 0;
			defaultConfigurationName = Release;
		};
		BDDF700F2C47099E00B6AF7A /* Build configuration list for PBXNativeTarget "finalProjectUITests" */ = {
			isa = XCConfigurationList;
			buildConfigurations = (
				BDDF70102C47099E00B6AF7A /* Debug */,
				BDDF70112C47099E00B6AF7A /* Release */,
			);
			defaultConfigurationIsVisible = 0;
			defaultConfigurationName = Release;
		};
/* End XCConfigurationList section */

/* Begin XCVersionGroup section */
		BD39F1B92C49F98A00A387C2 /* finalProject.xcdatamodeld */ = {
			isa = XCVersionGroup;
			children = (
				BD39F1BA2C49F98A00A387C2 /* finalProject.xcdatamodel */,
			);
			currentVersion = BD39F1BA2C49F98A00A387C2 /* finalProject.xcdatamodel */;
			name = finalProject.xcdatamodeld;
			path = /Users/scholar/Desktop/finalProject/finalProject/finalProject.xcdatamodeld;
			sourceTree = "<group>";
			versionGroupType = wrapper.xcdatamodel;
		};
/* End XCVersionGroup section */
	};
	rootObject = BDDF6FDD2C47099000B6AF7A /* Project object */;
}
